
Microsoft Visual Studio Solution File, Format Version 12.00
# Visual Studio Version 16
VisualStudioVersion = 16.0.32929.386
MinimumVisualStudioVersion = 10.0.40219.1
Project("{FAE04EC0-301F-11D3-BF4B-00C04F79EFBC}") = "PWA_FINAL", "PWA_FINAL.csproj", "{24A08F96-F17C-4FF7-8B05-2C4D280004B3}"
EndProject
Global
	GlobalSection(SolutionConfigurationPlatforms) = preSolution
		Debug|Any CPU = Debug|Any CPU
		Release|Any CPU = Release|Any CPU
	EndGlobalSection
	GlobalSection(ProjectConfigurationPlatforms) = postSolution
		{24A08F96-F17C-4FF7-8B05-2C4D280004B3}.Debug|Any CPU.ActiveCfg = Debug|Any CPU
		{24A08F96-F17C-4FF7-8B05-2C4D280004B3}.Debug|Any CPU.Build.0 = Debug|Any CPU
		{24A08F96-F17C-4FF7-8B05-2C4D280004B3}.Release|Any CPU.ActiveCfg = Release|Any CPU
		{24A08F96-F17C-4FF7-8B05-2C4D280004B3}.Release|Any CPU.Build.0 = Release|Any CPU
	EndGlobalSection
	GlobalSection(SolutionProperties) = preSolution
		HideSolutionNode = FALSE
	EndGlobalSection
	GlobalSection(ExtensibilityGlobals) = postSolution
		SolutionGuid = {91CD2EB6-0057-41E3-84F4-00ED058D16E0}
	EndGlobalSection
EndGlobal
